
Microsoft Visual Studio Solution File, Format Version 12.00
# Visual Studio Version 17
VisualStudioVersion = 17.14.36414.22 d17.14
MinimumVisualStudioVersion = 10.0.40219.1
Project("{FAE04EC0-301F-11D3-BF4B-00C04F79EFBC}") = "BC_Retail", "BC_Retail\BC_Retail.csproj", "{5D9C5079-A0CD-43B2-9E3D-FA7486E72701}"
EndProject
Global
	GlobalSection(SolutionConfigurationPlatforms) = preSolution
		Debug|Any CPU = Debug|Any CPU
		Release|Any CPU = Release|Any CPU
	EndGlobalSection
	GlobalSection(ProjectConfigurationPlatforms) = postSolution
		{5D9C5079-A0CD-43B2-9E3D-FA7486E72701}.Debug|Any CPU.ActiveCfg = Debug|Any CPU
		{5D9C5079-A0CD-43B2-9E3D-FA7486E72701}.Debug|Any CPU.Build.0 = Debug|Any CPU
		{5D9C5079-A0CD-43B2-9E3D-FA7486E72701}.Release|Any CPU.ActiveCfg = Release|Any CPU
		{5D9C5079-A0CD-43B2-9E3D-FA7486E72701}.Release|Any CPU.Build.0 = Release|Any CPU
	EndGlobalSection
	GlobalSection(SolutionProperties) = preSolution
		HideSolutionNode = FALSE
	EndGlobalSection
	GlobalSection(ExtensibilityGlobals) = postSolution
		SolutionGuid = {E0C3A067-22C0-42C5-99D7-8218DE9D6EFC}
	EndGlobalSection
EndGlobal
